
Microsoft Visual Studio Solution File, Format Version 12.00
# Visual Studio 15
VisualStudioVersion = 15.0.28307.1738
MinimumVisualStudioVersion = 10.0.40219.1
Project("{FAE04EC0-301F-11D3-BF4B-00C04F79EFBC}") = "Seriport", "Seriport\Seriport.csproj", "{028B383A-2123-4BF6-9519-22316D071A74}"
EndProject
Global
	GlobalSection(SolutionConfigurationPlatforms) = preSolution
		Debug|Any CPU = Debug|Any CPU
		Release|Any CPU = Release|Any CPU
	EndGlobalSection
	GlobalSection(ProjectConfigurationPlatforms) = postSolution
		{028B383A-2123-4BF6-9519-22316D071A74}.Debug|Any CPU.ActiveCfg = Debug|Any CPU
		{028B383A-2123-4BF6-9519-22316D071A74}.Debug|Any CPU.Build.0 = Debug|Any CPU
		{028B383A-2123-4BF6-9519-22316D071A74}.Release|Any CPU.ActiveCfg = Release|Any CPU
		{028B383A-2123-4BF6-9519-22316D071A74}.Release|Any CPU.Build.0 = Release|Any CPU
	EndGlobalSection
	GlobalSection(SolutionProperties) = preSolution
		HideSolutionNode = FALSE
	EndGlobalSection
	GlobalSection(ExtensibilityGlobals) = postSolution
		SolutionGuid = {FCE2E990-9471-4D1F-90D8-F126B594970B}
	EndGlobalSection
EndGlobal
